// !$*UTF8*$!
{
	archiveVersion = 1;
	classes = {
	};
	objectVersion = 77;
	objects = {

/* Begin PBXBuildRule section */
		DF64AF262FD0B95F00B6539A /* PBXBuildRule */ = {
			isa = PBXBuildRule;
			compilerSpec = com.apple.compilers.proxy.script;
			fileType = file.skybox;
			inputFiles = (
			);
			isEditable = 1;
			outputFiles = (
			);
			script = "# <com.apple.build-tasks.compile-skybox.xcplugin>\n";
		};
/* End PBXBuildRule section */

/* Begin PBXContainerItemProxy section */
		DF61CC262FDDD4AC003699A6 /* PBXContainerItemProxy */ = {
			isa = PBXContainerItemProxy;
			containerPortal = DF0F35642FC8D38E00BA4BC7 /* Project object */;
			proxyType = 1;
			remoteGlobalIDString = DF0F356B2FC8D38E00BA4BC7;
			remoteInfo = HouseholdBudget;
		};
		DF61CC342FDDD655003699A6 /* PBXContainerItemProxy */ = {
			isa = PBXContainerItemProxy;
			containerPortal = DF0F35642FC8D38E00BA4BC7 /* Project object */;
			proxyType = 1;
			remoteGlobalIDString = DF0F356B2FC8D38E00BA4BC7;
			remoteInfo = HouseholdBudget;
		};
/* End PBXContainerItemProxy section */

/* Begin PBXFileReference section */
		DF0F356C2FC8D38E00BA4BC7 /* WalletBoard.app */ = {isa = PBXFileReference; explicitFileType = wrapper.application; includeInIndex = 0; path = WalletBoard.app; sourceTree = BUILT_PRODUCTS_DIR; };
		DF61CC202FDDD4AC003699A6 /* HouseholdBudgetUITests.xctest */ = {isa = PBXFileReference; explicitFileType = wrapper.cfbundle; includeInIndex = 0; path = HouseholdBudgetUITests.xctest; sourceTree = BUILT_PRODUCTS_DIR; };
		DF61CC2B2FDDD4F4003699A6 /* HouseholdBudget.xctestplan */ = {isa = PBXFileReference; lastKnownFileType = text; path = HouseholdBudget.xctestplan; sourceTree = "<group>"; };
		DF61CC302FDDD655003699A6 /* HouseholdBudgetTests.xctest */ = {isa = PBXFileReference; explicitFileType = wrapper.cfbundle; includeInIndex = 0; path = HouseholdBudgetTests.xctest; sourceTree = BUILT_PRODUCTS_DIR; };
		DFBC2BB42FDDDEB500F5C64C /* HouseholdBudgetTests */ = {isa = PBXFileReference; lastKnownFileType = folder; path = HouseholdBudgetTests; sourceTree = "<group>"; };
/* End PBXFileReference section */

/* Begin PBXFileSystemSynchronizedBuildFileExceptionSet section */
		DF8541B92FDBA3FB00D21AA7 /* Exceptions for "HouseholdBudget" folder in "PocketWise" target */ = {
			isa = PBXFileSystemSynchronizedBuildFileExceptionSet;
			membershipExceptions = (
				Info.plist,
			);
			target = DF0F356B2FC8D38E00BA4BC7 /* PocketWise */;
		};
/* End PBXFileSystemSynchronizedBuildFileExceptionSet section */

/* Begin PBXFileSystemSynchronizedRootGroup section */
		DF0F356E2FC8D38E00BA4BC7 /* HouseholdBudget */ = {
			isa = PBXFileSystemSynchronizedRootGroup;
			exceptions = (
				DF8541B92FDBA3FB00D21AA7 /* Exceptions for "HouseholdBudget" folder in "PocketWise" target */,
			);
			path = HouseholdBudget;
			sourceTree = "<group>";
		};
		DF61CC212FDDD4AC003699A6 /* HouseholdBudgetUITests */ = {
			isa = PBXFileSystemSynchronizedRootGroup;
			path = HouseholdBudgetUITests;
			sourceTree = "<group>";
		};
		DF61CC312FDDD655003699A6 /* HouseholdBudgetTests */ = {
			isa = PBXFileSystemSynchronizedRootGroup;
			path = HouseholdBudgetTests;
			sourceTree = "<group>";
		};
/* End PBXFileSystemSynchronizedRootGroup section */

/* Begin PBXFrameworksBuildPhase section */
		DF0F35692FC8D38E00BA4BC7 /* Frameworks */ = {
			isa = PBXFrameworksBuildPhase;
			buildActionMask = 2147483647;
			files = (
			);
			runOnlyForDeploymentPostprocessing = 0;
		};
		DF61CC1D2FDDD4AC003699A6 /* Frameworks */ = {
			isa = PBXFrameworksBuildPhase;
			buildActionMask = 2147483647;
			files = (
			);
			runOnlyForDeploymentPostprocessing = 0;
		};
		DF61CC2D2FDDD655003699A6 /* Frameworks */ = {
			isa = PBXFrameworksBuildPhase;
			buildActionMask = 2147483647;
			files = (
			);
			runOnlyForDeploymentPostprocessing = 0;
		};
/* End PBXFrameworksBuildPhase section */

/* Begin PBXGroup section */
		DF0F35632FC8D38E00BA4BC7 = {
			isa = PBXGroup;
			children = (
				DFBC2BB42FDDDEB500F5C64C /* HouseholdBudgetTests */,
				DF61CC2B2FDDD4F4003699A6 /* HouseholdBudget.xctestplan */,
				DF0F356E2FC8D38E00BA4BC7 /* HouseholdBudget */,
				DF61CC212FDDD4AC003699A6 /* HouseholdBudgetUITests */,
				DF61CC312FDDD655003699A6 /* HouseholdBudgetTests */,
				DF0F356D2FC8D38E00BA4BC7 /* Products */,
			);
			sourceTree = "<group>";
		};
		DF0F356D2FC8D38E00BA4BC7 /* Products */ = {
			isa = PBXGroup;
			children = (
				DF0F356C2FC8D38E00BA4BC7 /* WalletBoard.app */,
				DF61CC202FDDD4AC003699A6 /* HouseholdBudgetUITests.xctest */,
				DF61CC302FDDD655003699A6 /* HouseholdBudgetTests.xctest */,
			);
			name = Products;
			sourceTree = "<group>";
		};
/* End PBXGroup section */

/* Begin PBXNativeTarget section */
		DF0F356B2FC8D38E00BA4BC7 /* PocketWise */ = {
			isa = PBXNativeTarget;
			buildConfigurationList = DF0F35792FC8D38F00BA4BC7 /* Build configuration list for PBXNativeTarget "PocketWise" */;
			buildPhases = (
				DF0F35682FC8D38E00BA4BC7 /* Sources */,
				DF0F35692FC8D38E00BA4BC7 /* Frameworks */,
				DF0F356A2FC8D38E00BA4BC7 /* Resources */,
			);
			buildRules = (
				DF64AF262FD0B95F00B6539A /* PBXBuildRule */,
			);
			dependencies = (
			);
			fileSystemSynchronizedGroups = (
				DF0F356E2FC8D38E00BA4BC7 /* HouseholdBudget */,
			);
			name = PocketWise;
			packageProductDependencies = (
			);
			productName = HouseholdBudget;
			productReference = DF0F356C2FC8D38E00BA4BC7 /* WalletBoard.app */;
			productType = "com.apple.product-type.application";
		};
		DF61CC1F2FDDD4AC003699A6 /* HouseholdBudgetUITests */ = {
			isa = PBXNativeTarget;
			buildConfigurationList = DF61CC2A2FDDD4AC003699A6 /* Build configuration list for PBXNativeTarget "HouseholdBudgetUITests" */;
			buildPhases = (
				DF61CC1C2FDDD4AC003699A6 /* Sources */,
				DF61CC1D2FDDD4AC003699A6 /* Frameworks */,
				DF61CC1E2FDDD4AC003699A6 /* Resources */,
			);
			buildRules = (
			);
			dependencies = (
				DF61CC272FDDD4AC003699A6 /* PBXTargetDependency */,
			);
			fileSystemSynchronizedGroups = (
				DF61CC212FDDD4AC003699A6 /* HouseholdBudgetUITests */,
			);
			name = HouseholdBudgetUITests;
			packageProductDependencies = (
			);
			productName = HouseholdBudgetUITests;
			productReference = DF61CC202FDDD4AC003699A6 /* HouseholdBudgetUITests.xctest */;
			productType = "com.apple.product-type.bundle.ui-testing";
		};
		DF61CC2F2FDDD655003699A6 /* HouseholdBudgetTests */ = {
			isa = PBXNativeTarget;
			buildConfigurationList = DF61CC362FDDD655003699A6 /* Build configuration list for PBXNativeTarget "HouseholdBudgetTests" */;
			buildPhases = (
				DF61CC2C2FDDD655003699A6 /* Sources */,
				DF61CC2D2FDDD655003699A6 /* Frameworks */,
				DF61CC2E2FDDD655003699A6 /* Resources */,
			);
			buildRules = (
			);
			dependencies = (
				DF61CC352FDDD655003699A6 /* PBXTargetDependency */,
			);
			fileSystemSynchronizedGroups = (
				DF61CC312FDDD655003699A6 /* HouseholdBudgetTests */,
			);
			name = HouseholdBudgetTests;
			packageProductDependencies = (
			);
			productName = HouseholdBudgetTests;
			productReference = DF61CC302FDDD655003699A6 /* HouseholdBudgetTests.xctest */;
			productType = "com.apple.product-type.bundle.unit-test";
		};
/* End PBXNativeTarget section */

/* Begin PBXProject section */
		DF0F35642FC8D38E00BA4BC7 /* Project object */ = {
			isa = PBXProject;
			attributes = {
				BuildIndependentTargetsInParallel = 1;
				LastSwiftUpdateCheck = 2650;
				LastUpgradeCheck = 2650;
				TargetAttributes = {
					DF0F356B2FC8D38E00BA4BC7 = {
						CreatedOnToolsVersion = 26.5;
					};
					DF61CC1F2FDDD4AC003699A6 = {
						CreatedOnToolsVersion = 26.5;
						TestTargetID = DF0F356B2FC8D38E00BA4BC7;
					};
					DF61CC2F2FDDD655003699A6 = {
						CreatedOnToolsVersion = 26.5;
						TestTargetID = DF0F356B2FC8D38E00BA4BC7;
					};
				};
			};
			buildConfigurationList = DF0F35672FC8D38E00BA4BC7 /* Build configuration list for PBXProject "HouseholdBudget" */;
			developmentRegion = en;
			hasScannedForEncodings = 0;
			knownRegions = (
				en,
				Base,
			);
			mainGroup = DF0F35632FC8D38E00BA4BC7;
			minimizedProjectReferenceProxies = 1;
			preferredProjectObjectVersion = 77;
			productRefGroup = DF0F356D2FC8D38E00BA4BC7 /* Products */;
			projectDirPath = "";
			projectRoot = "";
			targets = (
				DF0F356B2FC8D38E00BA4BC7 /* PocketWise */,
				DF61CC1F2FDDD4AC003699A6 /* HouseholdBudgetUITests */,
				DF61CC2F2FDDD655003699A6 /* HouseholdBudgetTests */,
			);
		};
/* End PBXProject section */

/* Begin PBXResourcesBuildPhase section */
		DF0F356A2FC8D38E00BA4BC7 /* Resources */ = {
			isa = PBXResourcesBuildPhase;
			buildActionMask = 2147483647;
			files = (
			);
			runOnlyForDeploymentPostprocessing = 0;
		};
		DF61CC1E2FDDD4AC003699A6 /* Resources */ = {
			isa = PBXResourcesBuildPhase;
			buildActionMask = 2147483647;
			files = (
			);
			runOnlyForDeploymentPostprocessing = 0;
		};
		DF61CC2E2FDDD655003699A6 /* Resources */ = {
			isa = PBXResourcesBuildPhase;
			buildActionMask = 2147483647;
			files = (
			);
			runOnlyForDeploymentPostprocessing = 0;
		};
/* End PBXResourcesBuildPhase section */

/* Begin PBXSourcesBuildPhase section */
		DF0F35682FC8D38E00BA4BC7 /* Sources */ = {
			isa = PBXSourcesBuildPhase;
			buildActionMask = 2147483647;
			files = (
			);
			runOnlyForDeploymentPostprocessing = 0;
		};
		DF61CC1C2FDDD4AC003699A6 /* Sources */ = {
			isa = PBXSourcesBuildPhase;
			buildActionMask = 2147483647;
			files = (
			);
			runOnlyForDeploymentPostprocessing = 0;
		};
		DF61CC2C2FDDD655003699A6 /* Sources */ = {
			isa = PBXSourcesBuildPhase;
			buildActionMask = 2147483647;
			files = (
			);
			runOnlyForDeploymentPostprocessing = 0;
		};
/* End PBXSourcesBuildPhase section */

/* Begin PBXTargetDependency section */
		DF61CC272FDDD4AC003699A6 /* PBXTargetDependency */ = {
			isa = PBXTargetDependency;
			target = DF0F356B2FC8D38E00BA4BC7 /* PocketWise */;
			targetProxy = DF61CC262FDDD4AC003699A6 /* PBXContainerItemProxy */;
		};
		DF61CC352FDDD655003699A6 /* PBXTargetDependency */ = {
			isa = PBXTargetDependency;
			target = DF0F356B2FC8D38E00BA4BC7 /* PocketWise */;
			targetProxy = DF61CC342FDDD655003699A6 /* PBXContainerItemProxy */;
		};
/* End PBXTargetDependency section */

/* Begin XCBuildConfiguration section */
		DF0F35772FC8D38F00BA4BC7 /* Debug */ = {
			isa = XCBuildConfiguration;
			buildSettings = {
				ALWAYS_SEARCH_USER_PATHS = NO;
				ASSETCATALOG_COMPILER_GENERATE_SWIFT_ASSET_SYMBOL_EXTENSIONS = YES;
				CLANG_ANALYZER_NONNULL = YES;
				CLANG_ANALYZER_NUMBER_OBJECT_CONVERSION = YES_AGGRESSIVE;
				CLANG_CXX_LANGUAGE_STANDARD = "gnu++20";
				CLANG_ENABLE_MODULES = YES;
				CLANG_ENABLE_OBJC_ARC = YES;
				CLANG_ENABLE_OBJC_WEAK = YES;
				CLANG_WARN_BLOCK_CAPTURE_AUTORELEASING = YES;
				CLANG_WARN_BOOL_CONVERSION = YES;
				CLANG_WARN_COMMA = YES;
				CLANG_WARN_CONSTANT_CONVERSION = YES;
				CLANG_WARN_DEPRECATED_OBJC_IMPLEMENTATIONS = YES;
				CLANG_WARN_DIRECT_OBJC_ISA_USAGE = YES_ERROR;
				CLANG_WARN_DOCUMENTATION_COMMENTS = YES;
				CLANG_WARN_EMPTY_BODY = YES;
				CLANG_WARN_ENUM_CONVERSION = YES;
				CLANG_WARN_INFINITE_RECURSION = YES;
				CLANG_WARN_INT_CONVERSION = YES;
				CLANG_WARN_NON_LITERAL_NULL_CONVERSION = YES;
				CLANG_WARN_OBJC_IMPLICIT_RETAIN_SELF = YES;
				CLANG_WARN_OBJC_LITERAL_CONVERSION = YES;
				CLANG_WARN_OBJC_ROOT_CLASS = YES_ERROR;
				CLANG_WARN_QUOTED_INCLUDE_IN_FRAMEWORK_HEADER = YES;
				CLANG_WARN_RANGE_LOOP_ANALYSIS = YES;
				CLANG_WARN_STRICT_PROTOTYPES = YES;
				CLANG_WARN_SUSPICIOUS_MOVE = YES;
				CLANG_WARN_UNGUARDED_AVAILABILITY = YES_AGGRESSIVE;
				CLANG_WARN_UNREACHABLE_CODE = YES;
				CLANG_WARN__DUPLICATE_METHOD_MATCH = YES;
				COPY_PHASE_STRIP = NO;
				DEBUG_INFORMATION_FORMAT = dwarf;
				ENABLE_STRICT_OBJC_MSGSEND = YES;
				ENABLE_TESTABILITY = YES;
				ENABLE_USER_SCRIPT_SANDBOXING = YES;
				GCC_C_LANGUAGE_STANDARD = gnu17;
				GCC_DYNAMIC_NO_PIC = NO;
				GCC_NO_COMMON_BLOCKS = YES;
				GCC_OPTIMIZATION_LEVEL = 0;
				GCC_PREPROCESSOR_DEFINITIONS = (
					"DEBUG=1",
					"$(inherited)",
				);
				GCC_WARN_64_TO_32_BIT_CONVERSION = YES;
				GCC_WARN_ABOUT_RETURN_TYPE = YES_ERROR;
				GCC_WARN_UNDECLARED_SELECTOR = YES;
				GCC_WARN_UNINITIALIZED_AUTOS = YES_AGGRESSIVE;
				GCC_WARN_UNUSED_FUNCTION = YES;
				GCC_WARN_UNUSED_VARIABLE = YES;
				IPHONEOS_DEPLOYMENT_TARGET = 17.6;
				LOCALIZATION_PREFERS_STRING_CATALOGS = YES;
				MTL_ENABLE_DEBUG_INFO = INCLUDE_SOURCE;
				MTL_FAST_MATH = YES;
				ONLY_ACTIVE_ARCH = YES;
				SDKROOT = iphoneos;
				SWIFT_ACTIVE_COMPILATION_CONDITIONS = "DEBUG $(inherited)";
				SWIFT_OPTIMIZATION_LEVEL = "-Onone";
			};
			name = Debug;
		};
		DF0F35782FC8D38F00BA4BC7 /* Release */ = {
			isa = XCBuildConfiguration;
			buildSettings = {
				ALWAYS_SEARCH_USER_PATHS = NO;
				ASSETCATALOG_COMPILER_GENERATE_SWIFT_ASSET_SYMBOL_EXTENSIONS = YES;
				CLANG_ANALYZER_NONNULL = YES;
				CLANG_ANALYZER_NUMBER_OBJECT_CONVERSION = YES_AGGRESSIVE;
				CLANG_CXX_LANGUAGE_STANDARD = "gnu++20";
				CLANG_ENABLE_MODULES = YES;
				CLANG_ENABLE_OBJC_ARC = YES;
				CLANG_ENABLE_OBJC_WEAK = YES;
				CLANG_WARN_BLOCK_CAPTURE_AUTORELEASING = YES;
				CLANG_WARN_BOOL_CONVERSION = YES;
				CLANG_WARN_COMMA = YES;
				CLANG_WARN_CONSTANT_CONVERSION = YES;
				CLANG_WARN_DEPRECATED_OBJC_IMPLEMENTATIONS = YES;
				CLANG_WARN_DIRECT_OBJC_ISA_USAGE = YES_ERROR;
				CLANG_WARN_DOCUMENTATION_COMMENTS = YES;
				CLANG_WARN_EMPTY_BODY = YES;
				CLANG_WARN_ENUM_CONVERSION = YES;
				CLANG_WARN_INFINITE_RECURSION = YES;
				CLANG_WARN_INT_CONVERSION = YES;
				CLANG_WARN_NON_LITERAL_NULL_CONVERSION = YES;
				CLANG_WARN_OBJC_IMPLICIT_RETAIN_SELF = YES;
				CLANG_WARN_OBJC_LITERAL_CONVERSION = YES;
				CLANG_WARN_OBJC_ROOT_CLASS = YES_ERROR;
				CLANG_WARN_QUOTED_INCLUDE_IN_FRAMEWORK_HEADER = YES;
				CLANG_WARN_RANGE_LOOP_ANALYSIS = YES;
				CLANG_WARN_STRICT_PROTOTYPES = YES;
				CLANG_WARN_SUSPICIOUS_MOVE = YES;
				CLANG_WARN_UNGUARDED_AVAILABILITY = YES_AGGRESSIVE;
				CLANG_WARN_UNREACHABLE_CODE = YES;
				CLANG_WARN__DUPLICATE_METHOD_MATCH = YES;
				COPY_PHASE_STRIP = NO;
				DEBUG_INFORMATION_FORMAT = "dwarf-with-dsym";
				ENABLE_NS_ASSERTIONS = NO;
				ENABLE_STRICT_OBJC_MSGSEND = YES;
				ENABLE_USER_SCRIPT_SANDBOXING = YES;
				GCC_C_LANGUAGE_STANDARD = gnu17;
				GCC_NO_COMMON_BLOCKS = YES;
				GCC_WARN_64_TO_32_BIT_CONVERSION = YES;
				GCC_WARN_ABOUT_RETURN_TYPE = YES_ERROR;
				GCC_WARN_UNDECLARED_SELECTOR = YES;
				GCC_WARN_UNINITIALIZED_AUTOS = YES_AGGRESSIVE;
				GCC_WARN_UNUSED_FUNCTION = YES;
				GCC_WARN_UNUSED_VARIABLE = YES;
				IPHONEOS_DEPLOYMENT_TARGET = 17.6;
				LOCALIZATION_PREFERS_STRING_CATALOGS = YES;
				MTL_ENABLE_DEBUG_INFO = NO;
				MTL_FAST_MATH = YES;
				SDKROOT = iphoneos;
				SWIFT_COMPILATION_MODE = wholemodule;
				VALIDATE_PRODUCT = YES;
			};
			name = Release;
		};
		DF0F357A2FC8D38F00BA4BC7 /* Debug */ = {
			isa = XCBuildConfiguration;
			buildSettings = {
				ASSETCATALOG_COMPILER_APPICON_NAME = AppIcon;
				ASSETCATALOG_COMPILER_GLOBAL_ACCENT_COLOR_NAME = AccentColor;
				CODE_SIGN_ENTITLEMENTS = HouseholdBudget/HouseholdBudget.entitlements;
				CODE_SIGN_IDENTITY = "Apple Development";
				CODE_SIGN_STYLE = Automatic;
				CURRENT_PROJECT_VERSION = 3;
				DEVELOPMENT_TEAM = 7RB6YCM4SZ;
				ENABLE_PREVIEWS = YES;
				GENERATE_INFOPLIST_FILE = YES;
				INFOPLIST_FILE = HouseholdBudget/Info.plist;
				INFOPLIST_KEY_LSApplicationCategoryType = "public.app-category.utilities";
				INFOPLIST_KEY_UIApplicationSceneManifest_Generation = YES;
				INFOPLIST_KEY_UIApplicationSupportsIndirectInputEvents = YES;
				INFOPLIST_KEY_UILaunchScreen_Generation = YES;
				INFOPLIST_KEY_UISupportedInterfaceOrientations_iPad = "UIInterfaceOrientationPortrait UIInterfaceOrientationPortraitUpsideDown UIInterfaceOrientationLandscapeLeft UIInterfaceOrientationLandscapeRight";
				INFOPLIST_KEY_UISupportedInterfaceOrientations_iPhone = "UIInterfaceOrientationPortrait UIInterfaceOrientationLandscapeLeft UIInterfaceOrientationLandscapeRight";
				IPHONEOS_DEPLOYMENT_TARGET = 17.6;
				LD_RUNPATH_SEARCH_PATHS = (
					"$(inherited)",
					"@executable_path/Frameworks",
				);
				MARKETING_VERSION = 1.0;
				PRODUCT_BUNDLE_IDENTIFIER = com.ayman.HouseholdBudget;
				PRODUCT_NAME = WalletBoard;
				PROVISIONING_PROFILE_SPECIFIER = "";
				STRING_CATALOG_GENERATE_SYMBOLS = YES;
				SWIFT_APPROACHABLE_CONCURRENCY = YES;
				SWIFT_DEFAULT_ACTOR_ISOLATION = MainActor;
				SWIFT_EMIT_LOC_STRINGS = YES;
				SWIFT_UPCOMING_FEATURE_MEMBER_IMPORT_VISIBILITY = YES;
				SWIFT_VERSION = 5.0;
				TARGETED_DEVICE_FAMILY = "1,2";
			};
			name = Debug;
		};
		DF0F357B2FC8D38F00BA4BC7 /* Release */ = {
			isa = XCBuildConfiguration;
			buildSettings = {
				ASSETCATALOG_COMPILER_APPICON_NAME = AppIcon;
				ASSETCATALOG_COMPILER_GLOBAL_ACCENT_COLOR_NAME = AccentColor;
				CODE_SIGN_ENTITLEMENTS = HouseholdBudget/HouseholdBudget.entitlements;
				CODE_SIGN_IDENTITY = "Apple Development";
				CODE_SIGN_STYLE = Automatic;
				CURRENT_PROJECT_VERSION = 3;
				DEVELOPMENT_TEAM = 7RB6YCM4SZ;
				ENABLE_PREVIEWS = YES;
				GENERATE_INFOPLIST_FILE = YES;
				INFOPLIST_FILE = HouseholdBudget/Info.plist;
				INFOPLIST_KEY_LSApplicationCategoryType = "public.app-category.utilities";
				INFOPLIST_KEY_UIApplicationSceneManifest_Generation = YES;
				INFOPLIST_KEY_UIApplicationSupportsIndirectInputEvents = YES;
				INFOPLIST_KEY_UILaunchScreen_Generation = YES;
				INFOPLIST_KEY_UISupportedInterfaceOrientations_iPad = "UIInterfaceOrientationPortrait UIInterfaceOrientationPortraitUpsideDown UIInterfaceOrientationLandscapeLeft UIInterfaceOrientationLandscapeRight";
				INFOPLIST_KEY_UISupportedInterfaceOrientations_iPhone = "UIInterfaceOrientationPortrait UIInterfaceOrientationLandscapeLeft UIInterfaceOrientationLandscapeRight";
				IPHONEOS_DEPLOYMENT_TARGET = 17.6;
				LD_RUNPATH_SEARCH_PATHS = (
					"$(inherited)",
					"@executable_path/Frameworks",
				);
				MARKETING_VERSION = 1.0;
				ONLY_ACTIVE_ARCH = NO;
				PRODUCT_BUNDLE_IDENTIFIER = com.ayman.HouseholdBudget;
				PRODUCT_NAME = WalletBoard;
				PROVISIONING_PROFILE_SPECIFIER = "";
				STRING_CATALOG_GENERATE_SYMBOLS = YES;
				SWIFT_APPROACHABLE_CONCURRENCY = YES;
				SWIFT_DEFAULT_ACTOR_ISOLATION = MainActor;
				SWIFT_EMIT_LOC_STRINGS = YES;
				SWIFT_UPCOMING_FEATURE_MEMBER_IMPORT_VISIBILITY = YES;
				SWIFT_VERSION = 5.0;
				TARGETED_DEVICE_FAMILY = "1,2";
			};
			name = Release;
		};
		DF61CC282FDDD4AC003699A6 /* Debug */ = {
			isa = XCBuildConfiguration;
			buildSettings = {
				CODE_SIGN_STYLE = Automatic;
				CURRENT_PROJECT_VERSION = 1;
				DEVELOPMENT_TEAM = 7RB6YCM4SZ;
				GENERATE_INFOPLIST_FILE = YES;
				MARKETING_VERSION = 1.0;
				PRODUCT_BUNDLE_IDENTIFIER = com.ayman.HouseholdBudgetUITests;
				PRODUCT_NAME = "$(TARGET_NAME)";
				STRING_CATALOG_GENERATE_SYMBOLS = NO;
				SWIFT_APPROACHABLE_CONCURRENCY = YES;
				SWIFT_EMIT_LOC_STRINGS = NO;
				SWIFT_UPCOMING_FEATURE_MEMBER_IMPORT_VISIBILITY = YES;
				SWIFT_VERSION = 5.0;
				TARGETED_DEVICE_FAMILY = "1,2";
				TEST_TARGET_NAME = HouseholdBudget;
			};
			name = Debug;
		};
		DF61CC292FDDD4AC003699A6 /* Release */ = {
			isa = XCBuildConfiguration;
			buildSettings = {
				CODE_SIGN_STYLE = Automatic;
				CURRENT_PROJECT_VERSION = 1;
				DEVELOPMENT_TEAM = 7RB6YCM4SZ;
				GENERATE_INFOPLIST_FILE = YES;
				MARKETING_VERSION = 1.0;
				PRODUCT_BUNDLE_IDENTIFIER = com.ayman.HouseholdBudgetUITests;
				PRODUCT_NAME = "$(TARGET_NAME)";
				STRING_CATALOG_GENERATE_SYMBOLS = NO;
				SWIFT_APPROACHABLE_CONCURRENCY = YES;
				SWIFT_EMIT_LOC_STRINGS = NO;
				SWIFT_UPCOMING_FEATURE_MEMBER_IMPORT_VISIBILITY = YES;
				SWIFT_VERSION = 5.0;
				TARGETED_DEVICE_FAMILY = "1,2";
				TEST_TARGET_NAME = HouseholdBudget;
			};
			name = Release;
		};
		DF61CC372FDDD655003699A6 /* Debug */ = {
			isa = XCBuildConfiguration;
			buildSettings = {
				BUNDLE_LOADER = "$(TEST_HOST)";
				CODE_SIGN_STYLE = Automatic;
				CURRENT_PROJECT_VERSION = 1;
				DEVELOPMENT_TEAM = 7RB6YCM4SZ;
				GENERATE_INFOPLIST_FILE = YES;
				MARKETING_VERSION = 1.0;
				PRODUCT_BUNDLE_IDENTIFIER = com.ayman.HouseholdBudgetTests;
				PRODUCT_NAME = "$(TARGET_NAME)";
				STRING_CATALOG_GENERATE_SYMBOLS = NO;
				SWIFT_APPROACHABLE_CONCURRENCY = YES;
				SWIFT_EMIT_LOC_STRINGS = NO;
				SWIFT_UPCOMING_FEATURE_MEMBER_IMPORT_VISIBILITY = YES;
				SWIFT_VERSION = 5.0;
				TARGETED_DEVICE_FAMILY = "1,2";
				TEST_HOST = "$(BUILT_PRODUCTS_DIR)/WalletBoard.app/$(BUNDLE_EXECUTABLE_FOLDER_PATH)/WalletBoard";
			};
			name = Debug;
		};
		DF61CC382FDDD655003699A6 /* Release */ = {
			isa = XCBuildConfiguration;
			buildSettings = {
				BUNDLE_LOADER = "$(TEST_HOST)";
				CODE_SIGN_STYLE = Automatic;
				CURRENT_PROJECT_VERSION = 1;
				DEVELOPMENT_TEAM = 7RB6YCM4SZ;
				GENERATE_INFOPLIST_FILE = YES;
				MARKETING_VERSION = 1.0;
				PRODUCT_BUNDLE_IDENTIFIER = com.ayman.HouseholdBudgetTests;
				PRODUCT_NAME = "$(TARGET_NAME)";
				STRING_CATALOG_GENERATE_SYMBOLS = NO;
				SWIFT_APPROACHABLE_CONCURRENCY = YES;
				SWIFT_EMIT_LOC_STRINGS = NO;
				SWIFT_UPCOMING_FEATURE_MEMBER_IMPORT_VISIBILITY = YES;
				SWIFT_VERSION = 5.0;
				TARGETED_DEVICE_FAMILY = "1,2";
				TEST_HOST = "$(BUILT_PRODUCTS_DIR)/WalletBoard.app/$(BUNDLE_EXECUTABLE_FOLDER_PATH)/WalletBoard";
			};
			name = Release;
		};
/* End XCBuildConfiguration section */

/* Begin XCConfigurationList section */
		DF0F35672FC8D38E00BA4BC7 /* Build configuration list for PBXProject "HouseholdBudget" */ = {
			isa = XCConfigurationList;
			buildConfigurations = (
				DF0F35772FC8D38F00BA4BC7 /* Debug */,
				DF0F35782FC8D38F00BA4BC7 /* Release */,
			);
			defaultConfigurationIsVisible = 0;
			defaultConfigurationName = Release;
		};
		DF0F35792FC8D38F00BA4BC7 /* Build configuration list for PBXNativeTarget "PocketWise" */ = {
			isa = XCConfigurationList;
			buildConfigurations = (
				DF0F357A2FC8D38F00BA4BC7 /* Debug */,
				DF0F357B2FC8D38F00BA4BC7 /* Release */,
			);
			defaultConfigurationIsVisible = 0;
			defaultConfigurationName = Release;
		};
		DF61CC2A2FDDD4AC003699A6 /* Build configuration list for PBXNativeTarget "HouseholdBudgetUITests" */ = {
			isa = XCConfigurationList;
			buildConfigurations = (
				DF61CC282FDDD4AC003699A6 /* Debug */,
				DF61CC292FDDD4AC003699A6 /* Release */,
			);
			defaultConfigurationIsVisible = 0;
			defaultConfigurationName = Release;
		};
		DF61CC362FDDD655003699A6 /* Build configuration list for PBXNativeTarget "HouseholdBudgetTests" */ = {
			isa = XCConfigurationList;
			buildConfigurations = (
				DF61CC372FDDD655003699A6 /* Debug */,
				DF61CC382FDDD655003699A6 /* Release */,
			);
			defaultConfigurationIsVisible = 0;
			defaultConfigurationName = Release;
		};
/* End XCConfigurationList section */
	};
	rootObject = DF0F35642FC8D38E00BA4BC7 /* Project object */;
}
